PODS:
  - Alamofire (4.9.1)
  - Kingfisher (5.11.0):
    - Kingfisher/Core (= 5.11.0)
  - Kingfisher/Core (5.11.0)
  - ModelMapper (10.0.0):
    - ModelMapper/Core (= 10.0.0)
  - ModelMapper/Core (10.0.0)
  - Moya (13.0.1):
    - Moya/Core (= 13.0.1)
  - Moya-ModelMapper (9.0.0):
    - Moya-ModelMapper/Core (= 9.0.0)
  - Moya-ModelMapper/Core (9.0.0):
    - ModelMapper (~> 10.0)
    - Moya (~> 13.0)
  - Moya/Core (13.0.1):
    - Alamofire (~> 4.1)
    - Result (~> 4.1)
  - Result (4.1.0)

DEPENDENCIES:
  - Kingfisher
  - Moya (~> 13.0.0)
  - Moya-ModelMapper

SPEC REPOS:
  https://github.com/cocoapods/specs.git:
    - Alamofire
    - Kingfisher
    - ModelMapper
    - Moya
    - Moya-ModelMapper
    - Result

SPEC CHECKSUMS:
  Alamofire: 85e8a02c69d6020a0d734f6054870d7ecb75cf18
  Kingfisher: 4569606189149e19c7d9439f47e885d0679b7a90
  ModelMapper: a8dbf2a2003bf626627b9fe7c9a22b3405a30404
  Moya: f4a4b80ff2f8a4ffc208dfb31cd91636622fee6e
  Moya-ModelMapper: 4948625af7fc5eef41ad9fdfe0c3517170b50960
  Result: bd966fac789cc6c1563440b348ab2598cc24d5c7

PODFILE CHECKSUM: 839f17cd0da2297ee0da023c7e2d1bfdd885346b

COCOAPODS: 1.5.2
